// !$*UTF8*$!
{
	archiveVersion = 1;
	classes = {
	};
	objectVersion = 46;
	objects = {

/* Begin PBXBuildFile section */
		07F863FE1A250D90009EAB2F /* adorable-puppy.jpeg in Resources */ = {isa = PBXBuildFile; fileRef = 07F863FD1A250D90009EAB2F /* adorable-puppy.jpeg */; };
		109E2E8FD64C9BBFBEEE95F8 /* libPods.a in Frameworks */ = {isa = PBXBuildFile; fileRef = 09C6EB0BF5BF9D0A7D566AF8 /* libPods.a */; };
		145620B71A3565F40024B3C1 /* bark_fis.001.png in Resources */ = {isa = PBXBuildFile; fileRef = 145620B61A3565F40024B3C1 /* bark_fis.001.png */; };
		95934F021A320F9E00E2676E /* BRKTableView.m in Sources */ = {isa = PBXBuildFile; fileRef = 95934F011A320F9E00E2676E /* BRKTableView.m */; };
		95934F0A1A3222F500E2676E /* BRKVenuesViewController.m in Sources */ = {isa = PBXBuildFile; fileRef = 95934F091A3222F500E2676E /* BRKVenuesViewController.m */; };
		95B81A661A23C854005F9AE0 /* BRKFoursquareClient.m in Sources */ = {isa = PBXBuildFile; fileRef = 95B81A651A23C854005F9AE0 /* BRKFoursquareClient.m */; };
		95B81A6C1A23C951005F9AE0 /* BRKVenue.m in Sources */ = {isa = PBXBuildFile; fileRef = 95B81A6B1A23C951005F9AE0 /* BRKVenue.m */; };
		95B81A731A2D17AC005F9AE0 /* BRKHelper.m in Sources */ = {isa = PBXBuildFile; fileRef = 95B81A721A2D17AC005F9AE0 /* BRKHelper.m */; };
		B1434DD71A268BB300770E29 /* barkboxLogo.png in Resources */ = {isa = PBXBuildFile; fileRef = B1434DD61A268BB300770E29 /* barkboxLogo.png */; };
		B17860221A23CAB600EBE64F /* BRKScrollView.m in Sources */ = {isa = PBXBuildFile; fileRef = B17860211A23CAB600EBE64F /* BRKScrollView.m */; };
		B17860331A251C7F00EBE64F /* BRKHomeViewController.m in Sources */ = {isa = PBXBuildFile; fileRef = B17860301A251C7F00EBE64F /* BRKHomeViewController.m */; };
		B1AB09F91A34D0EB00ECDB18 /* BRKHomeTabBar.xib in Resources */ = {isa = PBXBuildFile; fileRef = B1AB09F81A34D0EB00ECDB18 /* BRKHomeTabBar.xib */; };
		B1AB09FD1A34D1CA00ECDB18 /* BRKHomeTabBar.m in Sources */ = {isa = PBXBuildFile; fileRef = B1AB09FC1A34D1CA00ECDB18 /* BRKHomeTabBar.m */; };
		B1CAAE0E1A3517F2002E6EEC /* awesome_hero.png in Resources */ = {isa = PBXBuildFile; fileRef = B1CAAE081A3517F2002E6EEC /* awesome_hero.png */; };
		B1CAAE101A3517F2002E6EEC /* outside_hero.png in Resources */ = {isa = PBXBuildFile; fileRef = B1CAAE0A1A3517F2002E6EEC /* outside_hero.png */; };
		B1CAAE111A3517F2002E6EEC /* drink_hero.png in Resources */ = {isa = PBXBuildFile; fileRef = B1CAAE0B1A3517F2002E6EEC /* drink_hero.png */; };
		B1CAAE121A3517F2002E6EEC /* cafe_hero.png in Resources */ = {isa = PBXBuildFile; fileRef = B1CAAE0C1A3517F2002E6EEC /* cafe_hero.png */; };
		B1CAAE131A3517F2002E6EEC /* snack_hero.png in Resources */ = {isa = PBXBuildFile; fileRef = B1CAAE0D1A3517F2002E6EEC /* snack_hero.png */; };
		B1CAAE151A351977002E6EEC /* shop_hero.png in Resources */ = {isa = PBXBuildFile; fileRef = B1CAAE141A351977002E6EEC /* shop_hero.png */; };
		B1CAAE281A352151002E6EEC /* outside_ico.png in Resources */ = {isa = PBXBuildFile; fileRef = B1CAAE231A352151002E6EEC /* outside_ico.png */; };
		B1CAAE291A352151002E6EEC /* drink_ico.png in Resources */ = {isa = PBXBuildFile; fileRef = B1CAAE241A352151002E6EEC /* drink_ico.png */; };
		B1CAAE2A1A352151002E6EEC /* shop_ico.png in Resources */ = {isa = PBXBuildFile; fileRef = B1CAAE251A352151002E6EEC /* shop_ico.png */; };
		B1CAAE2B1A352151002E6EEC /* snack_ico.png in Resources */ = {isa = PBXBuildFile; fileRef = B1CAAE261A352151002E6EEC /* snack_ico.png */; };
		B1CAAE2C1A352151002E6EEC /* cafe_ico.png in Resources */ = {isa = PBXBuildFile; fileRef = B1CAAE271A352151002E6EEC /* cafe_ico.png */; };
		CBBBE4261A27C4CB00109C41 /* BRKVenuesTableViewCell.m in Sources */ = {isa = PBXBuildFile; fileRef = CBBBE4221A27C4CB00109C41 /* BRKVenuesTableViewCell.m */; };
		CBBBE4271A27C4CB00109C41 /* BRKVenuesTableViewCell.xib in Resources */ = {isa = PBXBuildFile; fileRef = CBBBE4231A27C4CB00109C41 /* BRKVenuesTableViewCell.xib */; };
		CBBBE4311A2E585200109C41 /* BRKUIManager.m in Sources */ = {isa = PBXBuildFile; fileRef = CBBBE4301A2E585200109C41 /* BRKUIManager.m */; };
		CBBBE4351A2F947800109C41 /* BRKPictureTableViewCell.m in Sources */ = {isa = PBXBuildFile; fileRef = CBBBE4331A2F947800109C41 /* BRKPictureTableViewCell.m */; };
		CBBBE4361A2F947800109C41 /* BRKPictureTableViewCell.xib in Resources */ = {isa = PBXBuildFile; fileRef = CBBBE4341A2F947800109C41 /* BRKPictureTableViewCell.xib */; };
		CBBBE43B1A2F951200109C41 /* BRKReviewView.m in Sources */ = {isa = PBXBuildFile; fileRef = CBBBE4391A2F951200109C41 /* BRKReviewView.m */; };
		CBBBE43C1A2F951200109C41 /* BRKReviewView.xib in Resources */ = {isa = PBXBuildFile; fileRef = CBBBE43A1A2F951200109C41 /* BRKReviewView.xib */; };
		CBBBE43F1A2F957A00109C41 /* BRKVenueDetailTableViewController.m in Sources */ = {isa = PBXBuildFile; fileRef = CBBBE43E1A2F957A00109C41 /* BRKVenueDetailTableViewController.m */; };
		CBBBE4421A2F959000109C41 /* BRKReviewViewController.m in Sources */ = {isa = PBXBuildFile; fileRef = CBBBE4411A2F959000109C41 /* BRKReviewViewController.m */; };
		CBBBE4441A2F95FE00109C41 /* speech-bubble.png in Resources */ = {isa = PBXBuildFile; fileRef = CBBBE4431A2F95FE00109C41 /* speech-bubble.png */; };
		CBE36D1A1A25067A00AD80F6 /* BRKVenueDetailTableViewCell.m in Sources */ = {isa = PBXBuildFile; fileRef = CBE36D181A25067A00AD80F6 /* BRKVenueDetailTableViewCell.m */; };
		CBE36D1B1A25067A00AD80F6 /* BRKVenueDetailTableViewCell.xib in Resources */ = {isa = PBXBuildFile; fileRef = CBE36D191A25067A00AD80F6 /* BRKVenueDetailTableViewCell.xib */; };
		CBE36D1F1A25069900AD80F6 /* BRKVenueDetail.xib in Resources */ = {isa = PBXBuildFile; fileRef = CBE36D1C1A25069900AD80F6 /* BRKVenueDetail.xib */; };
		CBE36D201A25069900AD80F6 /* BRKVenueDetailView.m in Sources */ = {isa = PBXBuildFile; fileRef = CBE36D1E1A25069900AD80F6 /* BRKVenueDetailView.m */; };
		CBE36D261A26679600AD80F6 /* placeholder.png in Resources */ = {isa = PBXBuildFile; fileRef = CBE36D251A26679600AD80F6 /* placeholder.png */; };
		CBE36D2A1A266F2A00AD80F6 /* BRKHome.xib in Resources */ = {isa = PBXBuildFile; fileRef = CBE36D291A266F2A00AD80F6 /* BRKHome.xib */; };
		F925AC4E1A23C1670086F2EB /* main.m in Sources */ = {isa = PBXBuildFile; fileRef = F925AC4D1A23C1670086F2EB /* main.m */; };
		F925AC511A23C1670086F2EB /* AppDelegate.m in Sources */ = {isa = PBXBuildFile; fileRef = F925AC501A23C1670086F2EB /* AppDelegate.m */; };
		F925AC591A23C1670086F2EB /* Images.xcassets in Resources */ = {isa = PBXBuildFile; fileRef = F925AC581A23C1670086F2EB /* Images.xcassets */; };
		F925AC5C1A23C1670086F2EB /* LaunchScreen.xib in Resources */ = {isa = PBXBuildFile; fileRef = F925AC5A1A23C1670086F2EB /* LaunchScreen.xib */; };
		F925AC681A23C1670086F2EB /* BarkCityTests.m in Sources */ = {isa = PBXBuildFile; fileRef = F925AC671A23C1670086F2EB /* BarkCityTests.m */; };
		F94606671A23C30000FF6AB0 /* CoreLocation.framework in Frameworks */ = {isa = PBXBuildFile; fileRef = F94606661A23C30000FF6AB0 /* CoreLocation.framework */; };
		F94606701A23D86A00FF6AB0 /* BRKVenuesTableViewController.m in Sources */ = {isa = PBXBuildFile; fileRef = F94606691A23D86A00FF6AB0 /* BRKVenuesTableViewController.m */; };
		F94606731A23D86A00FF6AB0 /* BRKSearchViewController.m in Sources */ = {isa = PBXBuildFile; fileRef = F946066E1A23D86A00FF6AB0 /* BRKSearchViewController.m */; };
		F94606AF1A262DCA00FF6AB0 /* BRKLocationManager.m in Sources */ = {isa = PBXBuildFile; fileRef = F94606AE1A262DCA00FF6AB0 /* BRKLocationManager.m */; };
		F9A678CF1A322CE20008921B /* BRKSearchBarContainer.m in Sources */ = {isa = PBXBuildFile; fileRef = F9A678CE1A322CE20008921B /* BRKSearchBarContainer.m */; };
		F9A678D11A322CF20008921B /* BRKSearchBarContainer.xib in Resources */ = {isa = PBXBuildFile; fileRef = F9A678D01A322CF20008921B /* BRKSearchBarContainer.xib */; };
		F9A678DA1A33D58B0008921B /* Parse.framework in Frameworks */ = {isa = PBXBuildFile; fileRef = F9A678D91A33D58B0008921B /* Parse.framework */; };
		F9A678DC1A33D5AD0008921B /* Bolts.framework in Frameworks */ = {isa = PBXBuildFile; fileRef = F9A678DB1A33D5AD0008921B /* Bolts.framework */; };
		F9A678E01A33D5B90008921B /* ParseUI.framework in Frameworks */ = {isa = PBXBuildFile; fileRef = F9A678DE1A33D5B90008921B /* ParseUI.framework */; };
		F9A678EA1A33D6240008921B /* AudioToolbox.framework in Frameworks */ = {isa = PBXBuildFile; fileRef = F9A678E11A33D6240008921B /* AudioToolbox.framework */; };
		F9A678EB1A33D6240008921B /* CFNetwork.framework in Frameworks */ = {isa = PBXBuildFile; fileRef = F9A678E21A33D6240008921B /* CFNetwork.framework */; };
		F9A678EC1A33D6240008921B /* CoreGraphics.framework in Frameworks */ = {isa = PBXBuildFile; fileRef = F9A678E31A33D6240008921B /* CoreGraphics.framework */; };
		F9A678ED1A33D6240008921B /* libz.dylib in Frameworks */ = {isa = PBXBuildFile; fileRef = F9A678E41A33D6240008921B /* libz.dylib */; };
		F9A678EE1A33D6240008921B /* MobileCoreServices.framework in Frameworks */ = {isa = PBXBuildFile; fileRef = F9A678E51A33D6240008921B /* MobileCoreServices.framework */; };
		F9A678EF1A33D6240008921B /* QuartzCore.framework in Frameworks */ = {isa = PBXBuildFile; fileRef = F9A678E61A33D6240008921B /* QuartzCore.framework */; };
		F9A678F01A33D6240008921B /* Security.framework in Frameworks */ = {isa = PBXBuildFile; fileRef = F9A678E71A33D6240008921B /* Security.framework */; };
		F9A678F11A33D6240008921B /* StoreKit.framework in Frameworks */ = {isa = PBXBuildFile; fileRef = F9A678E81A33D6240008921B /* StoreKit.framework */; };
		F9A678F21A33D6240008921B /* SystemConfiguration.framework in Frameworks */ = {isa = PBXBuildFile; fileRef = F9A678E91A33D6240008921B /* SystemConfiguration.framework */; };
/* End PBXBuildFile section */

/* Begin PBXContainerItemProxy section */
		F925AC621A23C1670086F2EB /* PBXContainerItemProxy */ = {
			isa = PBXContainerItemProxy;
			containerPortal = F925AC401A23C1670086F2EB /* Project object */;
			proxyType = 1;
			remoteGlobalIDString = F925AC471A23C1670086F2EB;
			remoteInfo = BarkCity;
		};
/* End PBXContainerItemProxy section */

/* Begin PBXFileReference section */
		07F863FD1A250D90009EAB2F /* adorable-puppy.jpeg */ = {isa = PBXFileReference; lastKnownFileType = image.jpeg; path = "adorable-puppy.jpeg"; sourceTree = "<group>"; };
		09C6EB0BF5BF9D0A7D566AF8 /* libPods.a */ = {isa = PBXFileReference; explicitFileType = archive.ar; includeInIndex = 0; path = libPods.a; sourceTree = BUILT_PRODUCTS_DIR; };
		0B8B6E31379FF2590C47AA20 /* Pods.debug.xcconfig */ = {isa = PBXFileReference; includeInIndex = 1; lastKnownFileType = text.xcconfig; name = Pods.debug.xcconfig; path = "Pods/Target Support Files/Pods/Pods.debug.xcconfig"; sourceTree = "<group>"; };
		145620B61A3565F40024B3C1 /* bark_fis.001.png */ = {isa = PBXFileReference; lastKnownFileType = image.png; path = bark_fis.001.png; sourceTree = "<group>"; };
		88C440BB57B1ECE75CE0576A /* Pods.release.xcconfig */ = {isa = PBXFileReference; includeInIndex = 1; lastKnownFileType = text.xcconfig; name = Pods.release.xcconfig; path = "Pods/Target Support Files/Pods/Pods.release.xcconfig"; sourceTree = "<group>"; };
		95934F001A320F9E00E2676E /* BRKTableView.h */ = {isa = PBXFileReference; fileEncoding = 4; lastKnownFileType = sourcecode.c.h; path = BRKTableView.h; sourceTree = "<group>"; };
		95934F011A320F9E00E2676E /* BRKTableView.m */ = {isa = PBXFileReference; fileEncoding = 4; lastKnownFileType = sourcecode.c.objc; path = BRKTableView.m; sourceTree = "<group>"; };
		95934F081A3222F500E2676E /* BRKVenuesViewController.h */ = {isa = PBXFileReference; fileEncoding = 4; lastKnownFileType = sourcecode.c.h; path = BRKVenuesViewController.h; sourceTree = "<group>"; };
		95934F091A3222F500E2676E /* BRKVenuesViewController.m */ = {isa = PBXFileReference; fileEncoding = 4; lastKnownFileType = sourcecode.c.objc; path = BRKVenuesViewController.m; sourceTree = "<group>"; };
		95B81A641A23C854005F9AE0 /* BRKFoursquareClient.h */ = {isa = PBXFileReference; fileEncoding = 4; lastKnownFileType = sourcecode.c.h; path = BRKFoursquareClient.h; sourceTree = "<group>"; };
		95B81A651A23C854005F9AE0 /* BRKFoursquareClient.m */ = {isa = PBXFileReference; fileEncoding = 4; lastKnownFileType = sourcecode.c.objc; path = BRKFoursquareClient.m; sourceTree = "<group>"; };
		95B81A6A1A23C951005F9AE0 /* BRKVenue.h */ = {isa = PBXFileReference; fileEncoding = 4; lastKnownFileType = sourcecode.c.h; path = BRKVenue.h; sourceTree = "<group>"; };
		95B81A6B1A23C951005F9AE0 /* BRKVenue.m */ = {isa = PBXFileReference; fileEncoding = 4; lastKnownFileType = sourcecode.c.objc; path = BRKVenue.m; sourceTree = "<group>"; };
		95B81A711A2D17AC005F9AE0 /* BRKHelper.h */ = {isa = PBXFileReference; fileEncoding = 4; lastKnownFileType = sourcecode.c.h; path = BRKHelper.h; sourceTree = "<group>"; };
		95B81A721A2D17AC005F9AE0 /* BRKHelper.m */ = {isa = PBXFileReference; fileEncoding = 4; lastKnownFileType = sourcecode.c.objc; path = BRKHelper.m; sourceTree = "<group>"; };
		B1434DD61A268BB300770E29 /* barkboxLogo.png */ = {isa = PBXFileReference; lastKnownFileType = image.png; path = barkboxLogo.png; sourceTree = "<group>"; };
		B17860201A23CAB600EBE64F /* BRKScrollView.h */ = {isa = PBXFileReference; fileEncoding = 4; lastKnownFileType = sourcecode.c.h; path = BRKScrollView.h; sourceTree = "<group>"; };
		B17860211A23CAB600EBE64F /* BRKScrollView.m */ = {isa = PBXFileReference; fileEncoding = 4; lastKnownFileType = sourcecode.c.objc; path = BRKScrollView.m; sourceTree = "<group>"; };
		B178602F1A251C7F00EBE64F /* BRKHomeViewController.h */ = {isa = PBXFileReference; fileEncoding = 4; lastKnownFileType = sourcecode.c.h; path = BRKHomeViewController.h; sourceTree = "<group>"; };
		B17860301A251C7F00EBE64F /* BRKHomeViewController.m */ = {isa = PBXFileReference; fileEncoding = 4; lastKnownFileType = sourcecode.c.objc; path = BRKHomeViewController.m; sourceTree = "<group>"; };
		B1AB09F81A34D0EB00ECDB18 /* BRKHomeTabBar.xib */ = {isa = PBXFileReference; fileEncoding = 4; lastKnownFileType = file.xib; path = BRKHomeTabBar.xib; sourceTree = "<group>"; };
		B1AB09FB1A34D1CA00ECDB18 /* BRKHomeTabBar.h */ = {isa = PBXFileReference; fileEncoding = 4; lastKnownFileType = sourcecode.c.h; path = BRKHomeTabBar.h; sourceTree = "<group>"; };
		B1AB09FC1A34D1CA00ECDB18 /* BRKHomeTabBar.m */ = {isa = PBXFileReference; fileEncoding = 4; lastKnownFileType = sourcecode.c.objc; path = BRKHomeTabBar.m; sourceTree = "<group>"; };
		B1CAAE081A3517F2002E6EEC /* awesome_hero.png */ = {isa = PBXFileReference; lastKnownFileType = image.png; path = awesome_hero.png; sourceTree = "<group>"; };
		B1CAAE0A1A3517F2002E6EEC /* outside_hero.png */ = {isa = PBXFileReference; lastKnownFileType = image.png; path = outside_hero.png; sourceTree = "<group>"; };
		B1CAAE0B1A3517F2002E6EEC /* drink_hero.png */ = {isa = PBXFileReference; lastKnownFileType = image.png; path = drink_hero.png; sourceTree = "<group>"; };
		B1CAAE0C1A3517F2002E6EEC /* cafe_hero.png */ = {isa = PBXFileReference; lastKnownFileType = image.png; path = cafe_hero.png; sourceTree = "<group>"; };
		B1CAAE0D1A3517F2002E6EEC /* snack_hero.png */ = {isa = PBXFileReference; lastKnownFileType = image.png; path = snack_hero.png; sourceTree = "<group>"; };
		B1CAAE141A351977002E6EEC /* shop_hero.png */ = {isa = PBXFileReference; lastKnownFileType = image.png; path = shop_hero.png; sourceTree = "<group>"; };
		B1CAAE231A352151002E6EEC /* outside_ico.png */ = {isa = PBXFileReference; lastKnownFileType = image.png; path = outside_ico.png; sourceTree = "<group>"; };
		B1CAAE241A352151002E6EEC /* drink_ico.png */ = {isa = PBXFileReference; lastKnownFileType = image.png; path = drink_ico.png; sourceTree = "<group>"; };
		B1CAAE251A352151002E6EEC /* shop_ico.png */ = {isa = PBXFileReference; lastKnownFileType = image.png; path = shop_ico.png; sourceTree = "<group>"; };
		B1CAAE261A352151002E6EEC /* snack_ico.png */ = {isa = PBXFileReference; lastKnownFileType = image.png; path = snack_ico.png; sourceTree = "<group>"; };
		B1CAAE271A352151002E6EEC /* cafe_ico.png */ = {isa = PBXFileReference; lastKnownFileType = image.png; path = cafe_ico.png; sourceTree = "<group>"; };
		CBBBE4211A27C4CB00109C41 /* BRKVenuesTableViewCell.h */ = {isa = PBXFileReference; fileEncoding = 4; lastKnownFileType = sourcecode.c.h; path = BRKVenuesTableViewCell.h; sourceTree = "<group>"; };
		CBBBE4221A27C4CB00109C41 /* BRKVenuesTableViewCell.m */ = {isa = PBXFileReference; fileEncoding = 4; lastKnownFileType = sourcecode.c.objc; path = BRKVenuesTableViewCell.m; sourceTree = "<group>"; };
		CBBBE4231A27C4CB00109C41 /* BRKVenuesTableViewCell.xib */ = {isa = PBXFileReference; fileEncoding = 4; lastKnownFileType = file.xib; path = BRKVenuesTableViewCell.xib; sourceTree = "<group>"; };
		CBBBE42F1A2E585200109C41 /* BRKUIManager.h */ = {isa = PBXFileReference; fileEncoding = 4; lastKnownFileType = sourcecode.c.h; path = BRKUIManager.h; sourceTree = "<group>"; };
		CBBBE4301A2E585200109C41 /* BRKUIManager.m */ = {isa = PBXFileReference; fileEncoding = 4; lastKnownFileType = sourcecode.c.objc; path = BRKUIManager.m; sourceTree = "<group>"; };
		CBBBE4321A2F947800109C41 /* BRKPictureTableViewCell.h */ = {isa = PBXFileReference; fileEncoding = 4; lastKnownFileType = sourcecode.c.h; path = BRKPictureTableViewCell.h; sourceTree = "<group>"; };
		CBBBE4331A2F947800109C41 /* BRKPictureTableViewCell.m */ = {isa = PBXFileReference; fileEncoding = 4; lastKnownFileType = sourcecode.c.objc; path = BRKPictureTableViewCell.m; sourceTree = "<group>"; };
		CBBBE4341A2F947800109C41 /* BRKPictureTableViewCell.xib */ = {isa = PBXFileReference; fileEncoding = 4; lastKnownFileType = file.xib; path = BRKPictureTableViewCell.xib; sourceTree = "<group>"; };
		CBBBE4381A2F951200109C41 /* BRKReviewView.h */ = {isa = PBXFileReference; fileEncoding = 4; lastKnownFileType = sourcecode.c.h; path = BRKReviewView.h; sourceTree = "<group>"; };
		CBBBE4391A2F951200109C41 /* BRKReviewView.m */ = {isa = PBXFileReference; fileEncoding = 4; lastKnownFileType = sourcecode.c.objc; path = BRKReviewView.m; sourceTree = "<group>"; };
		CBBBE43A1A2F951200109C41 /* BRKReviewView.xib */ = {isa = PBXFileReference; fileEncoding = 4; lastKnownFileType = file.xib; path = BRKReviewView.xib; sourceTree = "<group>"; };
		CBBBE43D1A2F957A00109C41 /* BRKVenueDetailTableViewController.h */ = {isa = PBXFileReference; fileEncoding = 4; lastKnownFileType = sourcecode.c.h; path = BRKVenueDetailTableViewController.h; sourceTree = "<group>"; };
		CBBBE43E1A2F957A00109C41 /* BRKVenueDetailTableViewController.m */ = {isa = PBXFileReference; fileEncoding = 4; lastKnownFileType = sourcecode.c.objc; path = BRKVenueDetailTableViewController.m; sourceTree = "<group>"; };
		CBBBE4401A2F959000109C41 /* BRKReviewViewController.h */ = {isa = PBXFileReference; fileEncoding = 4; lastKnownFileType = sourcecode.c.h; path = BRKReviewViewController.h; sourceTree = "<group>"; };
		CBBBE4411A2F959000109C41 /* BRKReviewViewController.m */ = {isa = PBXFileReference; fileEncoding = 4; lastKnownFileType = sourcecode.c.objc; path = BRKReviewViewController.m; sourceTree = "<group>"; };
		CBBBE4431A2F95FE00109C41 /* speech-bubble.png */ = {isa = PBXFileReference; lastKnownFileType = image.png; path = "speech-bubble.png"; sourceTree = "<group>"; };
		CBE36D171A25067A00AD80F6 /* BRKVenueDetailTableViewCell.h */ = {isa = PBXFileReference; fileEncoding = 4; lastKnownFileType = sourcecode.c.h; path = BRKVenueDetailTableViewCell.h; sourceTree = "<group>"; };
		CBE36D181A25067A00AD80F6 /* BRKVenueDetailTableViewCell.m */ = {isa = PBXFileReference; fileEncoding = 4; lastKnownFileType = sourcecode.c.objc; path = BRKVenueDetailTableViewCell.m; sourceTree = "<group>"; };
		CBE36D191A25067A00AD80F6 /* BRKVenueDetailTableViewCell.xib */ = {isa = PBXFileReference; fileEncoding = 4; lastKnownFileType = file.xib; path = BRKVenueDetailTableViewCell.xib; sourceTree = "<group>"; };
		CBE36D1C1A25069900AD80F6 /* BRKVenueDetail.xib */ = {isa = PBXFileReference; fileEncoding = 4; lastKnownFileType = file.xib; path = BRKVenueDetail.xib; sourceTree = "<group>"; };
		CBE36D1D1A25069900AD80F6 /* BRKVenueDetailView.h */ = {isa = PBXFileReference; fileEncoding = 4; lastKnownFileType = sourcecode.c.h; path = BRKVenueDetailView.h; sourceTree = "<group>"; };
		CBE36D1E1A25069900AD80F6 /* BRKVenueDetailView.m */ = {isa = PBXFileReference; fileEncoding = 4; lastKnownFileType = sourcecode.c.objc; path = BRKVenueDetailView.m; sourceTree = "<group>"; };
		CBE36D251A26679600AD80F6 /* placeholder.png */ = {isa = PBXFileReference; lastKnownFileType = image.png; path = placeholder.png; sourceTree = "<group>"; };
		CBE36D291A266F2A00AD80F6 /* BRKHome.xib */ = {isa = PBXFileReference; fileEncoding = 4; lastKnownFileType = file.xib; path = BRKHome.xib; sourceTree = "<group>"; };
		F925AC481A23C1670086F2EB /* BarkCity.app */ = {isa = PBXFileReference; explicitFileType = wrapper.application; includeInIndex = 0; path = BarkCity.app; sourceTree = BUILT_PRODUCTS_DIR; };
		F925AC4C1A23C1670086F2EB /* Info.plist */ = {isa = PBXFileReference; lastKnownFileType = text.plist.xml; path = Info.plist; sourceTree = "<group>"; };
		F925AC4D1A23C1670086F2EB /* main.m */ = {isa = PBXFileReference; lastKnownFileType = sourcecode.c.objc; path = main.m; sourceTree = "<group>"; };
		F925AC4F1A23C1670086F2EB /* AppDelegate.h */ = {isa = PBXFileReference; lastKnownFileType = sourcecode.c.h; path = AppDelegate.h; sourceTree = "<group>"; };
		F925AC501A23C1670086F2EB /* AppDelegate.m */ = {isa = PBXFileReference; lastKnownFileType = sourcecode.c.objc; path = AppDelegate.m; sourceTree = "<group>"; };
		F925AC581A23C1670086F2EB /* Images.xcassets */ = {isa = PBXFileReference; lastKnownFileType = folder.assetcatalog; path = Images.xcassets; sourceTree = "<group>"; };
		F925AC5B1A23C1670086F2EB /* Base */ = {isa = PBXFileReference; lastKnownFileType = file.xib; name = Base; path = Base.lproj/LaunchScreen.xib; sourceTree = "<group>"; };
		F925AC611A23C1670086F2EB /* BarkCityTests.xctest */ = {isa = PBXFileReference; explicitFileType = wrapper.cfbundle; includeInIndex = 0; path = BarkCityTests.xctest; sourceTree = BUILT_PRODUCTS_DIR; };
		F925AC661A23C1670086F2EB /* Info.plist */ = {isa = PBXFileReference; lastKnownFileType = text.plist.xml; path = Info.plist; sourceTree = "<group>"; };
		F925AC671A23C1670086F2EB /* BarkCityTests.m */ = {isa = PBXFileReference; lastKnownFileType = sourcecode.c.objc; path = BarkCityTests.m; sourceTree = "<group>"; };
		F94606661A23C30000FF6AB0 /* CoreLocation.framework */ = {isa = PBXFileReference; lastKnownFileType = wrapper.framework; name = CoreLocation.framework; path = System/Library/Frameworks/CoreLocation.framework; sourceTree = SDKROOT; };
		F94606681A23D86A00FF6AB0 /* BRKVenuesTableViewController.h */ = {isa = PBXFileReference; fileEncoding = 4; lastKnownFileType = sourcecode.c.h; path = BRKVenuesTableViewController.h; sourceTree = "<group>"; };
		F94606691A23D86A00FF6AB0 /* BRKVenuesTableViewController.m */ = {isa = PBXFileReference; fileEncoding = 4; lastKnownFileType = sourcecode.c.objc; path = BRKVenuesTableViewController.m; sourceTree = "<group>"; };
		F946066D1A23D86A00FF6AB0 /* BRKSearchViewController.h */ = {isa = PBXFileReference; fileEncoding = 4; lastKnownFileType = sourcecode.c.h; path = BRKSearchViewController.h; sourceTree = "<group>"; };
		F946066E1A23D86A00FF6AB0 /* BRKSearchViewController.m */ = {isa = PBXFileReference; fileEncoding = 4; lastKnownFileType = sourcecode.c.objc; path = BRKSearchViewController.m; sourceTree = "<group>"; };
		F94606AD1A262DCA00FF6AB0 /* BRKLocationManager.h */ = {isa = PBXFileReference; fileEncoding = 4; lastKnownFileType = sourcecode.c.h; path = BRKLocationManager.h; sourceTree = "<group>"; };
		F94606AE1A262DCA00FF6AB0 /* BRKLocationManager.m */ = {isa = PBXFileReference; fileEncoding = 4; lastKnownFileType = sourcecode.c.objc; path = BRKLocationManager.m; sourceTree = "<group>"; };
		F9A678CD1A322CE20008921B /* BRKSearchBarContainer.h */ = {isa = PBXFileReference; fileEncoding = 4; lastKnownFileType = sourcecode.c.h; path = BRKSearchBarContainer.h; sourceTree = "<group>"; };
		F9A678CE1A322CE20008921B /* BRKSearchBarContainer.m */ = {isa = PBXFileReference; fileEncoding = 4; lastKnownFileType = sourcecode.c.objc; path = BRKSearchBarContainer.m; sourceTree = "<group>"; };
		F9A678D01A322CF20008921B /* BRKSearchBarContainer.xib */ = {isa = PBXFileReference; fileEncoding = 4; lastKnownFileType = file.xib; path = BRKSearchBarContainer.xib; sourceTree = "<group>"; };
		F9A678D91A33D58B0008921B /* Parse.framework */ = {isa = PBXFileReference; lastKnownFileType = wrapper.framework; path = Parse.framework; sourceTree = "<group>"; };
		F9A678DB1A33D5AD0008921B /* Bolts.framework */ = {isa = PBXFileReference; lastKnownFileType = wrapper.framework; path = Bolts.framework; sourceTree = "<group>"; };
		F9A678DE1A33D5B90008921B /* ParseUI.framework */ = {isa = PBXFileReference; lastKnownFileType = wrapper.framework; path = ParseUI.framework; sourceTree = "<group>"; };
		F9A678E11A33D6240008921B /* AudioToolbox.framework */ = {isa = PBXFileReference; lastKnownFileType = wrapper.framework; name = AudioToolbox.framework; path = System/Library/Frameworks/AudioToolbox.framework; sourceTree = SDKROOT; };
		F9A678E21A33D6240008921B /* CFNetwork.framework */ = {isa = PBXFileReference; lastKnownFileType = wrapper.framework; name = CFNetwork.framework; path = System/Library/Frameworks/CFNetwork.framework; sourceTree = SDKROOT; };
		F9A678E31A33D6240008921B /* CoreGraphics.framework */ = {isa = PBXFileReference; lastKnownFileType = wrapper.framework; name = CoreGraphics.framework; path = System/Library/Frameworks/CoreGraphics.framework; sourceTree = SDKROOT; };
		F9A678E41A33D6240008921B /* libz.dylib */ = {isa = PBXFileReference; lastKnownFileType = "compiled.mach-o.dylib"; name = libz.dylib; path = usr/lib/libz.dylib; sourceTree = SDKROOT; };
		F9A678E51A33D6240008921B /* MobileCoreServices.framework */ = {isa = PBXFileReference; lastKnownFileType = wrapper.framework; name = MobileCoreServices.framework; path = System/Library/Frameworks/MobileCoreServices.framework; sourceTree = SDKROOT; };
		F9A678E61A33D6240008921B /* QuartzCore.framework */ = {isa = PBXFileReference; lastKnownFileType = wrapper.framework; name = QuartzCore.framework; path = System/Library/Frameworks/QuartzCore.framework; sourceTree = SDKROOT; };
		F9A678E71A33D6240008921B /* Security.framework */ = {isa = PBXFileReference; lastKnownFileType = wrapper.framework; name = Security.framework; path = System/Library/Frameworks/Security.framework; sourceTree = SDKROOT; };
		F9A678E81A33D6240008921B /* StoreKit.framework */ = {isa = PBXFileReference; lastKnownFileType = wrapper.framework; name = StoreKit.framework; path = System/Library/Frameworks/StoreKit.framework; sourceTree = SDKROOT; };
		F9A678E91A33D6240008921B /* SystemConfiguration.framework */ = {isa = PBXFileReference; lastKnownFileType = wrapper.framework; name = SystemConfiguration.framework; path = System/Library/Frameworks/SystemConfiguration.framework; sourceTree = SDKROOT; };
/* End PBXFileReference section */

/* Begin PBXFrameworksBuildPhase section */
		F925AC451A23C1670086F2EB /* Frameworks */ = {
			isa = PBXFrameworksBuildPhase;
			buildActionMask = 2147483647;
			files = (
				F9A678EA1A33D6240008921B /* AudioToolbox.framework in Frameworks */,
				F9A678EB1A33D6240008921B /* CFNetwork.framework in Frameworks */,
				F9A678EC1A33D6240008921B /* CoreGraphics.framework in Frameworks */,
				F9A678ED1A33D6240008921B /* libz.dylib in Frameworks */,
				F9A678EE1A33D6240008921B /* MobileCoreServices.framework in Frameworks */,
				F9A678EF1A33D6240008921B /* QuartzCore.framework in Frameworks */,
				F9A678F01A33D6240008921B /* Security.framework in Frameworks */,
				F9A678F11A33D6240008921B /* StoreKit.framework in Frameworks */,
				F9A678F21A33D6240008921B /* SystemConfiguration.framework in Frameworks */,
				F94606671A23C30000FF6AB0 /* CoreLocation.framework in Frameworks */,
				F9A678E01A33D5B90008921B /* ParseUI.framework in Frameworks */,
				F9A678DA1A33D58B0008921B /* Parse.framework in Frameworks */,
				109E2E8FD64C9BBFBEEE95F8 /* libPods.a in Frameworks */,
				F9A678DC1A33D5AD0008921B /* Bolts.framework in Frameworks */,
			);
			runOnlyForDeploymentPostprocessing = 0;
		};
		F925AC5E1A23C1670086F2EB /* Frameworks */ = {
			isa = PBXFrameworksBuildPhase;
			buildActionMask = 2147483647;
			files = (
			);
			runOnlyForDeploymentPostprocessing = 0;
		};
/* End PBXFrameworksBuildPhase section */

/* Begin PBXGroup section */
		420DDDEFB2E448B374E63407 /* Pods */ = {
			isa = PBXGroup;
			children = (
				0B8B6E31379FF2590C47AA20 /* Pods.debug.xcconfig */,
				88C440BB57B1ECE75CE0576A /* Pods.release.xcconfig */,
			);
			name = Pods;
			sourceTree = "<group>";
		};
		82EED657A22F394B44EC8938 /* Frameworks */ = {
			isa = PBXGroup;
			children = (
				F9A678DE1A33D5B90008921B /* ParseUI.framework */,
				F9A678DB1A33D5AD0008921B /* Bolts.framework */,
				F9A678D91A33D58B0008921B /* Parse.framework */,
				F94606661A23C30000FF6AB0 /* CoreLocation.framework */,
				F9A678E11A33D6240008921B /* AudioToolbox.framework */,
				F9A678E21A33D6240008921B /* CFNetwork.framework */,
				F9A678E31A33D6240008921B /* CoreGraphics.framework */,
				F9A678E41A33D6240008921B /* libz.dylib */,
				F9A678E51A33D6240008921B /* MobileCoreServices.framework */,
				F9A678E61A33D6240008921B /* QuartzCore.framework */,
				F9A678E71A33D6240008921B /* Security.framework */,
				F9A678E81A33D6240008921B /* StoreKit.framework */,
				F9A678E91A33D6240008921B /* SystemConfiguration.framework */,
				09C6EB0BF5BF9D0A7D566AF8 /* libPods.a */,
			);
			name = Frameworks;
			sourceTree = "<group>";
		};
		95B81A671A23C85E005F9AE0 /* Models */ = {
			isa = PBXGroup;
			children = (
				F94606AD1A262DCA00FF6AB0 /* BRKLocationManager.h */,
				F94606AE1A262DCA00FF6AB0 /* BRKLocationManager.m */,
				95B81A641A23C854005F9AE0 /* BRKFoursquareClient.h */,
				95B81A651A23C854005F9AE0 /* BRKFoursquareClient.m */,
				95B81A6A1A23C951005F9AE0 /* BRKVenue.h */,
				95B81A6B1A23C951005F9AE0 /* BRKVenue.m */,
			);
			name = Models;
			sourceTree = "<group>";
		};
		95B81A691A23C898005F9AE0 /* Views */ = {
			isa = PBXGroup;
			children = (
				B17860201A23CAB600EBE64F /* BRKScrollView.h */,
				B17860211A23CAB600EBE64F /* BRKScrollView.m */,
				95934F001A320F9E00E2676E /* BRKTableView.h */,
				95934F011A320F9E00E2676E /* BRKTableView.m */,
				F9A678CD1A322CE20008921B /* BRKSearchBarContainer.h */,
				F9A678CE1A322CE20008921B /* BRKSearchBarContainer.m */,
				F9A678D01A322CF20008921B /* BRKSearchBarContainer.xib */,
			);
			name = Views;
			sourceTree = "<group>";
		};
		95B81A701A2D1793005F9AE0 /* Utils */ = {
			isa = PBXGroup;
			children = (
				95B81A711A2D17AC005F9AE0 /* BRKHelper.h */,
				95B81A721A2D17AC005F9AE0 /* BRKHelper.m */,
				CBBBE42F1A2E585200109C41 /* BRKUIManager.h */,
				CBBBE4301A2E585200109C41 /* BRKUIManager.m */,
			);
			name = Utils;
			sourceTree = "<group>";
		};
		B1AB09FA1A34D0F300ECDB18 /* Custom Tab Bar */ = {
			isa = PBXGroup;
			children = (
				B1AB09F81A34D0EB00ECDB18 /* BRKHomeTabBar.xib */,
				B1AB09FB1A34D1CA00ECDB18 /* BRKHomeTabBar.h */,
				B1AB09FC1A34D1CA00ECDB18 /* BRKHomeTabBar.m */,
			);
			name = "Custom Tab Bar";
			sourceTree = "<group>";
		};
		B1CAAE071A3517E1002E6EEC /* Heros */ = {
			isa = PBXGroup;
			children = (
				B1CAAE081A3517F2002E6EEC /* awesome_hero.png */,
				B1CAAE141A351977002E6EEC /* shop_hero.png */,
				B1CAAE0A1A3517F2002E6EEC /* outside_hero.png */,
				B1CAAE0B1A3517F2002E6EEC /* drink_hero.png */,
				B1CAAE0C1A3517F2002E6EEC /* cafe_hero.png */,
				B1CAAE0D1A3517F2002E6EEC /* snack_hero.png */,
			);
			name = Heros;
			sourceTree = "<group>";
		};
		B1CAAE161A351F9A002E6EEC /* Tab Icons */ = {
			isa = PBXGroup;
			children = (
				B1CAAE231A352151002E6EEC /* outside_ico.png */,
				B1CAAE241A352151002E6EEC /* drink_ico.png */,
				B1CAAE251A352151002E6EEC /* shop_ico.png */,
				B1CAAE261A352151002E6EEC /* snack_ico.png */,
				B1CAAE271A352151002E6EEC /* cafe_ico.png */,
			);
			name = "Tab Icons";
			sourceTree = "<group>";
		};
		CBBBE41D1A27C4A400109C41 /* BRKHomeView */ = {
			isa = PBXGroup;
			children = (
				CBE36D291A266F2A00AD80F6 /* BRKHome.xib */,
				B178602F1A251C7F00EBE64F /* BRKHomeViewController.h */,
				B17860301A251C7F00EBE64F /* BRKHomeViewController.m */,
				B1AB09FA1A34D0F300ECDB18 /* Custom Tab Bar */,
			);
			name = BRKHomeView;
			sourceTree = "<group>";
		};
		CBBBE4281A27C4D800109C41 /* BRKPictureTableViewCell */ = {
			isa = PBXGroup;
			children = (
				CBBBE4321A2F947800109C41 /* BRKPictureTableViewCell.h */,
				CBBBE4331A2F947800109C41 /* BRKPictureTableViewCell.m */,
				CBBBE4341A2F947800109C41 /* BRKPictureTableViewCell.xib */,
			);
			name = BRKPictureTableViewCell;
			sourceTree = "<group>";
		};
		CBBBE4291A27C4EE00109C41 /* BRKVenuesTableViewCell */ = {
			isa = PBXGroup;
			children = (
				CBBBE4211A27C4CB00109C41 /* BRKVenuesTableViewCell.h */,
				CBBBE4221A27C4CB00109C41 /* BRKVenuesTableViewCell.m */,
				CBBBE4231A27C4CB00109C41 /* BRKVenuesTableViewCell.xib */,
			);
			name = BRKVenuesTableViewCell;
			sourceTree = "<group>";
		};
		CBBBE42A1A27C86B00109C41 /* BRKVenueDetailView */ = {
			isa = PBXGroup;
			children = (
				CBE36D1D1A25069900AD80F6 /* BRKVenueDetailView.h */,
				CBE36D1E1A25069900AD80F6 /* BRKVenueDetailView.m */,
				CBE36D1C1A25069900AD80F6 /* BRKVenueDetail.xib */,
			);
			name = BRKVenueDetailView;
			sourceTree = "<group>";
		};
		CBBBE42B1A27C87600109C41 /* BRKVenueDetailTableViewCell */ = {
			isa = PBXGroup;
			children = (
				CBE36D171A25067A00AD80F6 /* BRKVenueDetailTableViewCell.h */,
				CBE36D181A25067A00AD80F6 /* BRKVenueDetailTableViewCell.m */,
				CBE36D191A25067A00AD80F6 /* BRKVenueDetailTableViewCell.xib */,
			);
			name = BRKVenueDetailTableViewCell;
			sourceTree = "<group>";
		};
		CBBBE4371A2F950200109C41 /* BRKReview */ = {
			isa = PBXGroup;
			children = (
				CBBBE4381A2F951200109C41 /* BRKReviewView.h */,
				CBBBE4391A2F951200109C41 /* BRKReviewView.m */,
				CBBBE43A1A2F951200109C41 /* BRKReviewView.xib */,
				CBBBE4401A2F959000109C41 /* BRKReviewViewController.h */,
				CBBBE4411A2F959000109C41 /* BRKReviewViewController.m */,
			);
			name = BRKReview;
			sourceTree = "<group>";
		};
		CBE36D211A25138D00AD80F6 /* Home */ = {
			isa = PBXGroup;
			children = (
				F94606681A23D86A00FF6AB0 /* BRKVenuesTableViewController.h */,
				F94606691A23D86A00FF6AB0 /* BRKVenuesTableViewController.m */,
				CBBBE4281A27C4D800109C41 /* BRKPictureTableViewCell */,
				CBBBE4291A27C4EE00109C41 /* BRKVenuesTableViewCell */,
				CBBBE41D1A27C4A400109C41 /* BRKHomeView */,
				95934F081A3222F500E2676E /* BRKVenuesViewController.h */,
				95934F091A3222F500E2676E /* BRKVenuesViewController.m */,
			);
			name = Home;
			sourceTree = "<group>";
		};
		CBE36D221A2513D100AD80F6 /* Venue Detail */ = {
			isa = PBXGroup;
			children = (
				CBBBE43D1A2F957A00109C41 /* BRKVenueDetailTableViewController.h */,
				CBBBE43E1A2F957A00109C41 /* BRKVenueDetailTableViewController.m */,
				CBBBE4371A2F950200109C41 /* BRKReview */,
				CBBBE42A1A27C86B00109C41 /* BRKVenueDetailView */,
				CBBBE42B1A27C87600109C41 /* BRKVenueDetailTableViewCell */,
			);
			name = "Venue Detail";
			sourceTree = "<group>";
		};
		CBE36D231A2513ED00AD80F6 /* Search */ = {
			isa = PBXGroup;
			children = (
				F946066D1A23D86A00FF6AB0 /* BRKSearchViewController.h */,
				F946066E1A23D86A00FF6AB0 /* BRKSearchViewController.m */,
			);
			name = Search;
			sourceTree = "<group>";
		};
		CBE36D241A26678100AD80F6 /* Image Resources */ = {
			isa = PBXGroup;
			children = (
				145620B61A3565F40024B3C1 /* bark_fis.001.png */,
				B1CAAE161A351F9A002E6EEC /* Tab Icons */,
				B1CAAE071A3517E1002E6EEC /* Heros */,
				CBBBE4431A2F95FE00109C41 /* speech-bubble.png */,
				CBE36D251A26679600AD80F6 /* placeholder.png */,
			);
			name = "Image Resources";
			sourceTree = "<group>";
		};
		F925AC3F1A23C1670086F2EB = {
			isa = PBXGroup;
			children = (
				F925AC4A1A23C1670086F2EB /* BarkCity */,
				F925AC641A23C1670086F2EB /* BarkCityTests */,
				F925AC491A23C1670086F2EB /* Products */,
				420DDDEFB2E448B374E63407 /* Pods */,
				82EED657A22F394B44EC8938 /* Frameworks */,
			);
			sourceTree = "<group>";
		};
		F925AC491A23C1670086F2EB /* Products */ = {
			isa = PBXGroup;
			children = (
				F925AC481A23C1670086F2EB /* BarkCity.app */,
				F925AC611A23C1670086F2EB /* BarkCityTests.xctest */,
			);
			name = Products;
			sourceTree = "<group>";
		};
		F925AC4A1A23C1670086F2EB /* BarkCity */ = {
			isa = PBXGroup;
			children = (
				F9A678D81A33D4120008921B /* Login */,
				95B81A701A2D1793005F9AE0 /* Utils */,
				CBE36D241A26678100AD80F6 /* Image Resources */,
				CBE36D231A2513ED00AD80F6 /* Search */,
				CBE36D211A25138D00AD80F6 /* Home */,
				CBE36D221A2513D100AD80F6 /* Venue Detail */,
				95B81A671A23C85E005F9AE0 /* Models */,
				95B81A691A23C898005F9AE0 /* Views */,
				F925AC581A23C1670086F2EB /* Images.xcassets */,
				F925AC5A1A23C1670086F2EB /* LaunchScreen.xib */,
				F925AC4B1A23C1670086F2EB /* Supporting Files */,
			);
			path = BarkCity;
			sourceTree = "<group>";
		};
		F925AC4B1A23C1670086F2EB /* Supporting Files */ = {
			isa = PBXGroup;
			children = (
				B1434DD61A268BB300770E29 /* barkboxLogo.png */,
				F925AC4F1A23C1670086F2EB /* AppDelegate.h */,
				F925AC501A23C1670086F2EB /* AppDelegate.m */,
				07F863FD1A250D90009EAB2F /* adorable-puppy.jpeg */,
				F925AC4C1A23C1670086F2EB /* Info.plist */,
				F925AC4D1A23C1670086F2EB /* main.m */,
			);
			name = "Supporting Files";
			sourceTree = "<group>";
		};
		F925AC641A23C1670086F2EB /* BarkCityTests */ = {
			isa = PBXGroup;
			children = (
				F925AC671A23C1670086F2EB /* BarkCityTests.m */,
				F925AC651A23C1670086F2EB /* Supporting Files */,
			);
			path = BarkCityTests;
			sourceTree = "<group>";
		};
		F925AC651A23C1670086F2EB /* Supporting Files */ = {
			isa = PBXGroup;
			children = (
				F925AC661A23C1670086F2EB /* Info.plist */,
			);
			name = "Supporting Files";
			sourceTree = "<group>";
		};
		F9A678D81A33D4120008921B /* Login */ = {
			isa = PBXGroup;
			children = (
			);
			name = Login;
			sourceTree = "<group>";
		};
/* End PBXGroup section */

/* Begin PBXNativeTarget section */
		F925AC471A23C1670086F2EB /* BarkCity */ = {
			isa = PBXNativeTarget;
			buildConfigurationList = F925AC6B1A23C1670086F2EB /* Build configuration list for PBXNativeTarget "BarkCity" */;
			buildPhases = (
				7F5C989701050905CA569249 /* Check Pods Manifest.lock */,
				F925AC441A23C1670086F2EB /* Sources */,
				F925AC451A23C1670086F2EB /* Frameworks */,
				F925AC461A23C1670086F2EB /* Resources */,
				310710386724EDE12C5461E9 /* Copy Pods Resources */,
			);
			buildRules = (
			);
			dependencies = (
			);
			name = BarkCity;
			productName = BarkCity;
			productReference = F925AC481A23C1670086F2EB /* BarkCity.app */;
			productType = "com.apple.product-type.application";
		};
		F925AC601A23C1670086F2EB /* BarkCityTests */ = {
			isa = PBXNativeTarget;
			buildConfigurationList = F925AC6E1A23C1670086F2EB /* Build configuration list for PBXNativeTarget "BarkCityTests" */;
			buildPhases = (
				F925AC5D1A23C1670086F2EB /* Sources */,
				F925AC5E1A23C1670086F2EB /* Frameworks */,
				F925AC5F1A23C1670086F2EB /* Resources */,
			);
			buildRules = (
			);
			dependencies = (
				F925AC631A23C1670086F2EB /* PBXTargetDependency */,
			);
			name = BarkCityTests;
			productName = BarkCityTests;
			productReference = F925AC611A23C1670086F2EB /* BarkCityTests.xctest */;
			productType = "com.apple.product-type.bundle.unit-test";
		};
/* End PBXNativeTarget section */

/* Begin PBXProject section */
		F925AC401A23C1670086F2EB /* Project object */ = {
			isa = PBXProject;
			attributes = {
				LastUpgradeCheck = 0610;
				ORGANIZATIONNAME = com.rosamcgee;
				TargetAttributes = {
					F925AC471A23C1670086F2EB = {
						CreatedOnToolsVersion = 6.1;
						DevelopmentTeam = 3457AE227Q;
					};
					F925AC601A23C1670086F2EB = {
						CreatedOnToolsVersion = 6.1;
						DevelopmentTeam = 3457AE227Q;
						TestTargetID = F925AC471A23C1670086F2EB;
					};
				};
			};
			buildConfigurationList = F925AC431A23C1670086F2EB /* Build configuration list for PBXProject "BarkCity" */;
			compatibilityVersion = "Xcode 3.2";
			developmentRegion = English;
			hasScannedForEncodings = 0;
			knownRegions = (
				en,
				Base,
			);
			mainGroup = F925AC3F1A23C1670086F2EB;
			productRefGroup = F925AC491A23C1670086F2EB /* Products */;
			projectDirPath = "";
			projectRoot = "";
			targets = (
				F925AC471A23C1670086F2EB /* BarkCity */,
				F925AC601A23C1670086F2EB /* BarkCityTests */,
			);
		};
/* End PBXProject section */

/* Begin PBXResourcesBuildPhase section */
		F925AC461A23C1670086F2EB /* Resources */ = {
			isa = PBXResourcesBuildPhase;
			buildActionMask = 2147483647;
			files = (
				B1CAAE291A352151002E6EEC /* drink_ico.png in Resources */,
				B1CAAE101A3517F2002E6EEC /* outside_hero.png in Resources */,
				B1AB09F91A34D0EB00ECDB18 /* BRKHomeTabBar.xib in Resources */,
				CBBBE4361A2F947800109C41 /* BRKPictureTableViewCell.xib in Resources */,
				B1CAAE121A3517F2002E6EEC /* cafe_hero.png in Resources */,
				CBE36D1F1A25069900AD80F6 /* BRKVenueDetail.xib in Resources */,
				B1CAAE281A352151002E6EEC /* outside_ico.png in Resources */,
				145620B71A3565F40024B3C1 /* bark_fis.001.png in Resources */,
				CBE36D1B1A25067A00AD80F6 /* BRKVenueDetailTableViewCell.xib in Resources */,
				B1434DD71A268BB300770E29 /* barkboxLogo.png in Resources */,
				B1CAAE151A351977002E6EEC /* shop_hero.png in Resources */,
				07F863FE1A250D90009EAB2F /* adorable-puppy.jpeg in Resources */,
				F9A678D11A322CF20008921B /* BRKSearchBarContainer.xib in Resources */,
				CBE36D261A26679600AD80F6 /* placeholder.png in Resources */,
				B1CAAE111A3517F2002E6EEC /* drink_hero.png in Resources */,
				CBBBE43C1A2F951200109C41 /* BRKReviewView.xib in Resources */,
				B1CAAE2A1A352151002E6EEC /* shop_ico.png in Resources */,
				CBBBE4271A27C4CB00109C41 /* BRKVenuesTableViewCell.xib in Resources */,
				B1CAAE2C1A352151002E6EEC /* cafe_ico.png in Resources */,
				B1CAAE131A3517F2002E6EEC /* snack_hero.png in Resources */,
				B1CAAE2B1A352151002E6EEC /* snack_ico.png in Resources */,
				B1CAAE0E1A3517F2002E6EEC /* awesome_hero.png in Resources */,
				F925AC5C1A23C1670086F2EB /* LaunchScreen.xib in Resources */,
				CBBBE4441A2F95FE00109C41 /* speech-bubble.png in Resources */,
				CBE36D2A1A266F2A00AD80F6 /* BRKHome.xib in Resources */,
				F925AC591A23C1670086F2EB /* Images.xcassets in Resources */,
			);
			runOnlyForDeploymentPostprocessing = 0;
		};
		F925AC5F1A23C1670086F2EB /* Resources */ = {
			isa = PBXResourcesBuildPhase;
			buildActionMask = 2147483647;
			files = (
			);
			runOnlyForDeploymentPostprocessing = 0;
		};
/* End PBXResourcesBuildPhase section */

/* Begin PBXShellScriptBuildPhase section */
		310710386724EDE12C5461E9 /* Copy Pods Resources */ = {
			isa = PBXShellScriptBuildPhase;
			buildActionMask = 2147483647;
			files = (
			);
			inputPaths = (
			);
			name = "Copy Pods Resources";
			outputPaths = (
			);
			runOnlyForDeploymentPostprocessing = 0;
			shellPath = /bin/sh;
			shellScript = "\"${SRCROOT}/Pods/Target Support Files/Pods/Pods-resources.sh\"\n";
			showEnvVarsInLog = 0;
		};
		7F5C989701050905CA569249 /* Check Pods Manifest.lock */ = {
			isa = PBXShellScriptBuildPhase;
			buildActionMask = 2147483647;
			files = (
			);
			inputPaths = (
			);
			name = "Check Pods Manifest.lock";
			outputPaths = (
			);
			runOnlyForDeploymentPostprocessing = 0;
			shellPath = /bin/sh;
			shellScript = "diff \"${PODS_ROOT}/../Podfile.lock\" \"${PODS_ROOT}/Manifest.lock\" > /dev/null\nif [[ $? != 0 ]] ; then\n    cat << EOM\nerror: The sandbox is not in sync with the Podfile.lock. Run 'pod install' or update your CocoaPods installation.\nEOM\n    exit 1\nfi\n";
			showEnvVarsInLog = 0;
		};
/* End PBXShellScriptBuildPhase section */

/* Begin PBXSourcesBuildPhase section */
		F925AC441A23C1670086F2EB /* Sources */ = {
			isa = PBXSourcesBuildPhase;
			buildActionMask = 2147483647;
			files = (
				95B81A731A2D17AC005F9AE0 /* BRKHelper.m in Sources */,
				CBBBE4311A2E585200109C41 /* BRKUIManager.m in Sources */,
				F9A678CF1A322CE20008921B /* BRKSearchBarContainer.m in Sources */,
				CBBBE4351A2F947800109C41 /* BRKPictureTableViewCell.m in Sources */,
				95934F021A320F9E00E2676E /* BRKTableView.m in Sources */,
				95934F0A1A3222F500E2676E /* BRKVenuesViewController.m in Sources */,
				F94606731A23D86A00FF6AB0 /* BRKSearchViewController.m in Sources */,
				95B81A6C1A23C951005F9AE0 /* BRKVenue.m in Sources */,
				F94606AF1A262DCA00FF6AB0 /* BRKLocationManager.m in Sources */,
				F925AC511A23C1670086F2EB /* AppDelegate.m in Sources */,
				B1AB09FD1A34D1CA00ECDB18 /* BRKHomeTabBar.m in Sources */,
				CBE36D1A1A25067A00AD80F6 /* BRKVenueDetailTableViewCell.m in Sources */,
				F94606701A23D86A00FF6AB0 /* BRKVenuesTableViewController.m in Sources */,
				B17860331A251C7F00EBE64F /* BRKHomeViewController.m in Sources */,
				CBBBE4421A2F959000109C41 /* BRKReviewViewController.m in Sources */,
				CBBBE43F1A2F957A00109C41 /* BRKVenueDetailTableViewController.m in Sources */,
				F925AC4E1A23C1670086F2EB /* main.m in Sources */,
				95B81A661A23C854005F9AE0 /* BRKFoursquareClient.m in Sources */,
				B17860221A23CAB600EBE64F /* BRKScrollView.m in Sources */,
				CBBBE4261A27C4CB00109C41 /* BRKVenuesTableViewCell.m in Sources */,
				CBBBE43B1A2F951200109C41 /* BRKReviewView.m in Sources */,
				CBE36D201A25069900AD80F6 /* BRKVenueDetailView.m in Sources */,
			);
			runOnlyForDeploymentPostprocessing = 0;
		};
		F925AC5D1A23C1670086F2EB /* Sources */ = {
			isa = PBXSourcesBuildPhase;
			buildActionMask = 2147483647;
			files = (
				F925AC681A23C1670086F2EB /* BarkCityTests.m in Sources */,
			);
			runOnlyForDeploymentPostprocessing = 0;
		};
/* End PBXSourcesBuildPhase section */

/* Begin PBXTargetDependency section */
		F925AC631A23C1670086F2EB /* PBXTargetDependency */ = {
			isa = PBXTargetDependency;
			target = F925AC471A23C1670086F2EB /* BarkCity */;
			targetProxy = F925AC621A23C1670086F2EB /* PBXContainerItemProxy */;
		};
/* End PBXTargetDependency section */

/* Begin PBXVariantGroup section */
		F925AC5A1A23C1670086F2EB /* LaunchScreen.xib */ = {
			isa = PBXVariantGroup;
			children = (
				F925AC5B1A23C1670086F2EB /* Base */,
			);
			name = LaunchScreen.xib;
			sourceTree = "<group>";
		};
/* End PBXVariantGroup section */

/* Begin XCBuildConfiguration section */
		F925AC691A23C1670086F2EB /* Debug */ = {
			isa = XCBuildConfiguration;
			buildSettings = {
				ALWAYS_SEARCH_USER_PATHS = NO;
				CLANG_CXX_LANGUAGE_STANDARD = "gnu++0x";
				CLANG_CXX_LIBRARY = "libc++";
				CLANG_ENABLE_MODULES = YES;
				CLANG_ENABLE_OBJC_ARC = YES;
				CLANG_WARN_BOOL_CONVERSION = YES;
				CLANG_WARN_CONSTANT_CONVERSION = YES;
				CLANG_WARN_DIRECT_OBJC_ISA_USAGE = YES_ERROR;
				CLANG_WARN_EMPTY_BODY = YES;
				CLANG_WARN_ENUM_CONVERSION = YES;
				CLANG_WARN_INT_CONVERSION = YES;
				CLANG_WARN_OBJC_ROOT_CLASS = YES_ERROR;
				CLANG_WARN_UNREACHABLE_CODE = YES;
				CLANG_WARN__DUPLICATE_METHOD_MATCH = YES;
				"CODE_SIGN_IDENTITY[sdk=iphoneos*]" = "iPhone Developer";
				COPY_PHASE_STRIP = NO;
				ENABLE_STRICT_OBJC_MSGSEND = YES;
				GCC_C_LANGUAGE_STANDARD = gnu99;
				GCC_DYNAMIC_NO_PIC = NO;
				GCC_OPTIMIZATION_LEVEL = 0;
				GCC_PREPROCESSOR_DEFINITIONS = (
					"DEBUG=1",
					"$(inherited)",
				);
				GCC_SYMBOLS_PRIVATE_EXTERN = NO;
				GCC_WARN_64_TO_32_BIT_CONVERSION = YES;
				GCC_WARN_ABOUT_RETURN_TYPE = YES_ERROR;
				GCC_WARN_UNDECLARED_SELECTOR = YES;
				GCC_WARN_UNINITIALIZED_AUTOS = YES_AGGRESSIVE;
				GCC_WARN_UNUSED_FUNCTION = YES;
				GCC_WARN_UNUSED_VARIABLE = YES;
				IPHONEOS_DEPLOYMENT_TARGET = 8.1;
				MTL_ENABLE_DEBUG_INFO = YES;
				ONLY_ACTIVE_ARCH = YES;
				SDKROOT = iphoneos;
			};
			name = Debug;
		};
		F925AC6A1A23C1670086F2EB /* Release */ = {
			isa = XCBuildConfiguration;
			buildSettings = {
				ALWAYS_SEARCH_USER_PATHS = NO;
				CLANG_CXX_LANGUAGE_STANDARD = "gnu++0x";
				CLANG_CXX_LIBRARY = "libc++";
				CLANG_ENABLE_MODULES = YES;
				CLANG_ENABLE_OBJC_ARC = YES;
				CLANG_WARN_BOOL_CONVERSION = YES;
				CLANG_WARN_CONSTANT_CONVERSION = YES;
				CLANG_WARN_DIRECT_OBJC_ISA_USAGE = YES_ERROR;
				CLANG_WARN_EMPTY_BODY = YES;
				CLANG_WARN_ENUM_CONVERSION = YES;
				CLANG_WARN_INT_CONVERSION = YES;
				CLANG_WARN_OBJC_ROOT_CLASS = YES_ERROR;
				CLANG_WARN_UNREACHABLE_CODE = YES;
				CLANG_WARN__DUPLICATE_METHOD_MATCH = YES;
				"CODE_SIGN_IDENTITY[sdk=iphoneos*]" = "iPhone Developer";
				COPY_PHASE_STRIP = YES;
				ENABLE_NS_ASSERTIONS = NO;
				ENABLE_STRICT_OBJC_MSGSEND = YES;
				GCC_C_LANGUAGE_STANDARD = gnu99;
				GCC_WARN_64_TO_32_BIT_CONVERSION = YES;
				GCC_WARN_ABOUT_RETURN_TYPE = YES_ERROR;
				GCC_WARN_UNDECLARED_SELECTOR = YES;
				GCC_WARN_UNINITIALIZED_AUTOS = YES_AGGRESSIVE;
				GCC_WARN_UNUSED_FUNCTION = YES;
				GCC_WARN_UNUSED_VARIABLE = YES;
				IPHONEOS_DEPLOYMENT_TARGET = 8.1;
				MTL_ENABLE_DEBUG_INFO = NO;
				SDKROOT = iphoneos;
				VALIDATE_PRODUCT = YES;
			};
			name = Release;
		};
		F925AC6C1A23C1670086F2EB /* Debug */ = {
			isa = XCBuildConfiguration;
			baseConfigurationReference = 0B8B6E31379FF2590C47AA20 /* Pods.debug.xcconfig */;
			buildSettings = {
				ASSETCATALOG_COMPILER_APPICON_NAME = AppIcon;
				CODE_SIGN_IDENTITY = "iPhone Developer";
				"CODE_SIGN_IDENTITY[sdk=iphoneos*]" = "iPhone Developer";
				FRAMEWORK_SEARCH_PATHS = (
					"$(inherited)",
					"$(PROJECT_DIR)",
				);
				INFOPLIST_FILE = BarkCity/Info.plist;
				LD_RUNPATH_SEARCH_PATHS = "$(inherited) @executable_path/Frameworks";
				PRODUCT_NAME = "$(TARGET_NAME)";
				PROVISIONING_PROFILE = "";
			};
			name = Debug;
		};
		F925AC6D1A23C1670086F2EB /* Release */ = {
			isa = XCBuildConfiguration;
			baseConfigurationReference = 88C440BB57B1ECE75CE0576A /* Pods.release.xcconfig */;
			buildSettings = {
				ASSETCATALOG_COMPILER_APPICON_NAME = AppIcon;
				CODE_SIGN_IDENTITY = "iPhone Developer";
				"CODE_SIGN_IDENTITY[sdk=iphoneos*]" = "iPhone Developer";
				FRAMEWORK_SEARCH_PATHS = (
					"$(inherited)",
					"$(PROJECT_DIR)",
				);
				INFOPLIST_FILE = BarkCity/Info.plist;
				LD_RUNPATH_SEARCH_PATHS = "$(inherited) @executable_path/Frameworks";
				PRODUCT_NAME = "$(TARGET_NAME)";
				PROVISIONING_PROFILE = "";
			};
			name = Release;
		};
		F925AC6F1A23C1670086F2EB /* Debug */ = {
			isa = XCBuildConfiguration;
			buildSettings = {
				BUNDLE_LOADER = "$(TEST_HOST)";
				FRAMEWORK_SEARCH_PATHS = (
					"$(SDKROOT)/Developer/Library/Frameworks",
					"$(inherited)",
				);
				GCC_PREPROCESSOR_DEFINITIONS = (
					"DEBUG=1",
					"$(inherited)",
				);
				INFOPLIST_FILE = BarkCityTests/Info.plist;
				LD_RUNPATH_SEARCH_PATHS = "$(inherited) @executable_path/Frameworks @loader_path/Frameworks";
				PRODUCT_NAME = "$(TARGET_NAME)";
				TEST_HOST = "$(BUILT_PRODUCTS_DIR)/BarkCity.app/BarkCity";
			};
			name = Debug;
		};
		F925AC701A23C1670086F2EB /* Release */ = {
			isa = XCBuildConfiguration;
			buildSettings = {
				BUNDLE_LOADER = "$(TEST_HOST)";
				FRAMEWORK_SEARCH_PATHS = (
					"$(SDKROOT)/Developer/Library/Frameworks",
					"$(inherited)",
				);
				INFOPLIST_FILE = BarkCityTests/Info.plist;
				LD_RUNPATH_SEARCH_PATHS = "$(inherited) @executable_path/Frameworks @loader_path/Frameworks";
				PRODUCT_NAME = "$(TARGET_NAME)";
				TEST_HOST = "$(BUILT_PRODUCTS_DIR)/BarkCity.app/BarkCity";
			};
			name = Release;
		};
/* End XCBuildConfiguration section */

/* Begin XCConfigurationList section */
		F925AC431A23C1670086F2EB /* Build configuration list for PBXProject "BarkCity" */ = {
			isa = XCConfigurationList;
			buildConfigurations = (
				F925AC691A23C1670086F2EB /* Debug */,
				F925AC6A1A23C1670086F2EB /* Release */,
			);
			defaultConfigurationIsVisible = 0;
			defaultConfigurationName = Release;
		};
		F925AC6B1A23C1670086F2EB /* Build configuration list for PBXNativeTarget "BarkCity" */ = {
			isa = XCConfigurationList;
			buildConfigurations = (
				F925AC6C1A23C1670086F2EB /* Debug */,
				F925AC6D1A23C1670086F2EB /* Release */,
			);
			defaultConfigurationIsVisible = 0;
			defaultConfigurationName = Release;
		};
		F925AC6E1A23C1670086F2EB /* Build configuration list for PBXNativeTarget "BarkCityTests" */ = {
			isa = XCConfigurationList;
			buildConfigurations = (
				F925AC6F1A23C1670086F2EB /* Debug */,
				F925AC701A23C1670086F2EB /* Release */,
			);
			defaultConfigurationIsVisible = 0;
			defaultConfigurationName = Release;
		};
/* End XCConfigurationList section */
	};
	rootObject = F925AC401A23C1670086F2EB /* Project object */;
}
